PODS:
  - CHNavigationController (0.1.1)
  - CHTabBarController (0.1.0)
  - ETAFNetworking (3.2.5):
    - ETAFNetworking/NSURLSession (= 3.2.5)
    - ETAFNetworking/Reachability (= 3.2.5)
    - ETAFNetworking/Security (= 3.2.5)
    - ETAFNetworking/Serialization (= 3.2.5)
    - ETAFNetworking/UIKit (= 3.2.5)
  - ETAFNetworking/NSURLSession (3.2.5):
    - ETAFNetworking/Reachability
    - ETAFNetworking/Security
    - ETAFNetworking/Serialization
  - ETAFNetworking/Reachability (3.2.5)
  - ETAFNetworking/Security (3.2.5)
  - ETAFNetworking/Serialization (3.2.5)
  - ETAFNetworking/UIKit (3.2.5):
    - ETAFNetworking/NSURLSession
  - ETColor (0.1.0)
  - ETDevice (0.1.1)
  - ETEntity (0.1.1):
    - YYModel (= 1.0.4)
  - ETFont (0.1.0)
  - ETNetwork (0.1.5):
    - ETSafe
    - ETXMNetworking
  - ETSafe (0.1.0)
  - ETSDWebImage (5.0.2):
    - ETSDWebImage/Core (= 5.0.2)
  - ETSDWebImage/Core (5.0.2)
  - ETString (0.1.1)
  - ETTableViewCell (0.1.0)
  - ETUserDefaults (0.1.1)
  - ETXMNetworking (1.1.0):
    - ETAFNetworking
  - LaunchGif (0.1.7)
  - MNet (0.1.7):
    - ETEntity
    - ETNetwork
    - ETUserDefaults
  - WechatOpenSDK (1.8.4)
  - YYModel (1.0.4)

DEPENDENCIES:
  - CHNavigationController (from `../pod/CHNavigationController/CHNavigationController-0.1.1/`)
  - CHTabBarController (from `../pod/CHTabBarController`)
  - ETColor
  - ETDevice
  - ETFont
  - ETSDWebImage
  - ETString
  - ETTableViewCell
  - LaunchGif (from `../pod/LaunchGif/LaunchGif-0.1.7/`)
  - MNet
  - WechatOpenSDK

SPEC REPOS:
  http://192.168.199.182:8081/lichanghong/ET.git:
    - ETAFNetworking
    - ETColor
    - ETDevice
    - ETEntity
    - ETFont
    - ETNetwork
    - ETSafe
    - ETSDWebImage
    - ETString
    - ETTableViewCell
    - ETUserDefaults
    - ETXMNetworking
  http://192.168.199.182:8081/lichanghong/M.git:
    - MNet
  https://github.com/cocoapods/specs.git:
    - WechatOpenSDK
    - YYModel

EXTERNAL SOURCES:
  CHNavigationController:
    :path: "../pod/CHNavigationController/CHNavigationController-0.1.1/"
  CHTabBarController:
    :path: "../pod/CHTabBarController"
  LaunchGif:
    :path: "../pod/LaunchGif/LaunchGif-0.1.7/"

SPEC CHECKSUMS:
  CHNavigationController: f69b530a66cb60364e02bae0aef5c74a33b891ea
  CHTabBarController: 20bc9f966d1b634b4332b504768f51b44a157c4e
  ETAFNetworking: 80bf2ef6196273ce70046ad600e504c4f1d4b99e
  ETColor: 1ca68c7a266733eb8fb65924c428ce200778e30f
  ETDevice: c27cd1618b94ea8a5a261a5fd6e99acc8e4154c5
  ETEntity: ecd5932de041042a198bc30af7ff6859fa70008f
  ETFont: e211cee05390e6cf93b8f035423e2063196c8816
  ETNetwork: dea0154dc2765ac9a3b500ac5f7005a6946c151e
  ETSafe: 026ffa41744be8183a78fe7753b75c7131982fde
  ETSDWebImage: 80f53c00dc046d045881ba7247b034305273d384
  ETString: 34990f7eaa898cf6acdd25708b775522eb14a57e
  ETTableViewCell: 7fc9ce27c2d7c0d3c0513b3cb41ce6f9c8403ccb
  ETUserDefaults: 7d3826bebd71a3ba334c8a9e9ac54a0768591f32
  ETXMNetworking: ee0e43441ea7f1749f00d187b2217ed96534fe90
  LaunchGif: c34530fc288bac04a85b2d4bbc54a14af90f8e81
  MNet: 315c318070b64ce26d565d7ea741e413dd4ff0df
  WechatOpenSDK: 9b721089507c895d05f997408c30bb6e6f5f9b60
  YYModel: 2a7fdd96aaa4b86a824e26d0c517de8928c04b30

PODFILE CHECKSUM: 203a313c66f398dd44a01be343a4406946cb7769

COCOAPODS: 1.7.2
