// !$*UTF8*$!
{
	archiveVersion = 1;
	classes = {
	};
	objectVersion = 50;
	objects = {

/* Begin PBXBuildFile section */
		4865C316F230541F1C5F4325 /* libPods-CheLiang.a in Frameworks */ = {isa = PBXBuildFile; fileRef = D53C8A06288742BE3BC1F496 /* libPods-CheLiang.a */; };
		950A86DD226A21DE00785130 /* AppDelegate.m in Sources */ = {isa = PBXBuildFile; fileRef = 950A86DC226A21DE00785130 /* AppDelegate.m */; };
		950A86E0226A21DE00785130 /* ViewController.m in Sources */ = {isa = PBXBuildFile; fileRef = 950A86DF226A21DE00785130 /* ViewController.m */; };
		950A86E5226A21DE00785130 /* Assets.xcassets in Resources */ = {isa = PBXBuildFile; fileRef = 950A86E4226A21DE00785130 /* Assets.xcassets */; };
		950A86E8226A21DE00785130 /* LaunchScreen.storyboard in Resources */ = {isa = PBXBuildFile; fileRef = 950A86E6226A21DE00785130 /* LaunchScreen.storyboard */; };
		950A86EB226A21DE00785130 /* main.m in Sources */ = {isa = PBXBuildFile; fileRef = 950A86EA226A21DE00785130 /* main.m */; };
		952112D722A179EF00F31FB7 /* Login.xcassets in Resources */ = {isa = PBXBuildFile; fileRef = 952112D622A179EF00F31FB7 /* Login.xcassets */; };
		952112DE22A20A9900F31FB7 /* CHUserManager.m in Sources */ = {isa = PBXBuildFile; fileRef = 952112DD22A20A9900F31FB7 /* CHUserManager.m */; };
		95219BE2228811FC00348678 /* CHWeChatManager.m in Sources */ = {isa = PBXBuildFile; fileRef = 95219BDF228811FB00348678 /* CHWeChatManager.m */; };
		95219BE3228811FC00348678 /* CHLoginManager.m in Sources */ = {isa = PBXBuildFile; fileRef = 95219BE0228811FB00348678 /* CHLoginManager.m */; };
		95219BE9228813A100348678 /* CHBaseViewController.m in Sources */ = {isa = PBXBuildFile; fileRef = 95219BE8228813A100348678 /* CHBaseViewController.m */; };
		95219BEC228813B400348678 /* CHLoginViewController.m in Sources */ = {isa = PBXBuildFile; fileRef = 95219BEB228813B400348678 /* CHLoginViewController.m */; };
		95349E302286774900CD152C /* CHLaunchViewController.m in Sources */ = {isa = PBXBuildFile; fileRef = 95349E2F2286774900CD152C /* CHLaunchViewController.m */; };
		95451885227C8113009BD13C /* launch_gif.gif in Resources */ = {isa = PBXBuildFile; fileRef = 95451883227C8113009BD13C /* launch_gif.gif */; };
		95451886227C8113009BD13C /* app_launch_sound.mp3 in Resources */ = {isa = PBXBuildFile; fileRef = 95451884227C8113009BD13C /* app_launch_sound.mp3 */; };
/* End PBXBuildFile section */

/* Begin PBXFileReference section */
		6D860946978981E140506071 /* Pods-CheLiang.release.xcconfig */ = {isa = PBXFileReference; includeInIndex = 1; lastKnownFileType = text.xcconfig; name = "Pods-CheLiang.release.xcconfig"; path = "Pods/Target Support Files/Pods-CheLiang/Pods-CheLiang.release.xcconfig"; sourceTree = "<group>"; };
		950A86D8226A21DE00785130 /* CheLiang.app */ = {isa = PBXFileReference; explicitFileType = wrapper.application; includeInIndex = 0; path = CheLiang.app; sourceTree = BUILT_PRODUCTS_DIR; };
		950A86DB226A21DE00785130 /* AppDelegate.h */ = {isa = PBXFileReference; lastKnownFileType = sourcecode.c.h; path = AppDelegate.h; sourceTree = "<group>"; };
		950A86DC226A21DE00785130 /* AppDelegate.m */ = {isa = PBXFileReference; lastKnownFileType = sourcecode.c.objc; path = AppDelegate.m; sourceTree = "<group>"; };
		950A86DE226A21DE00785130 /* ViewController.h */ = {isa = PBXFileReference; lastKnownFileType = sourcecode.c.h; path = ViewController.h; sourceTree = "<group>"; };
		950A86DF226A21DE00785130 /* ViewController.m */ = {isa = PBXFileReference; lastKnownFileType = sourcecode.c.objc; path = ViewController.m; sourceTree = "<group>"; };
		950A86E4226A21DE00785130 /* Assets.xcassets */ = {isa = PBXFileReference; lastKnownFileType = folder.assetcatalog; path = Assets.xcassets; sourceTree = "<group>"; };
		950A86E7226A21DE00785130 /* Base */ = {isa = PBXFileReference; lastKnownFileType = file.storyboard; name = Base; path = Base.lproj/LaunchScreen.storyboard; sourceTree = "<group>"; };
		950A86E9226A21DE00785130 /* Info.plist */ = {isa = PBXFileReference; lastKnownFileType = text.plist.xml; path = Info.plist; sourceTree = "<group>"; };
		950A86EA226A21DE00785130 /* main.m */ = {isa = PBXFileReference; lastKnownFileType = sourcecode.c.objc; path = main.m; sourceTree = "<group>"; };
		952112D622A179EF00F31FB7 /* Login.xcassets */ = {isa = PBXFileReference; lastKnownFileType = folder.assetcatalog; path = Login.xcassets; sourceTree = "<group>"; };
		952112DC22A20A9900F31FB7 /* CHUserManager.h */ = {isa = PBXFileReference; lastKnownFileType = sourcecode.c.h; path = CHUserManager.h; sourceTree = "<group>"; };
		952112DD22A20A9900F31FB7 /* CHUserManager.m */ = {isa = PBXFileReference; lastKnownFileType = sourcecode.c.objc; path = CHUserManager.m; sourceTree = "<group>"; };
		95219BDE228811FB00348678 /* CHWeChatManager.h */ = {isa = PBXFileReference; fileEncoding = 4; lastKnownFileType = sourcecode.c.h; path = CHWeChatManager.h; sourceTree = "<group>"; };
		95219BDF228811FB00348678 /* CHWeChatManager.m */ = {isa = PBXFileReference; fileEncoding = 4; lastKnownFileType = sourcecode.c.objc; path = CHWeChatManager.m; sourceTree = "<group>"; };
		95219BE0228811FB00348678 /* CHLoginManager.m */ = {isa = PBXFileReference; fileEncoding = 4; lastKnownFileType = sourcecode.c.objc; path = CHLoginManager.m; sourceTree = "<group>"; };
		95219BE1228811FC00348678 /* CHLoginManager.h */ = {isa = PBXFileReference; fileEncoding = 4; lastKnownFileType = sourcecode.c.h; path = CHLoginManager.h; sourceTree = "<group>"; };
		95219BE7228813A100348678 /* CHBaseViewController.h */ = {isa = PBXFileReference; lastKnownFileType = sourcecode.c.h; path = CHBaseViewController.h; sourceTree = "<group>"; };
		95219BE8228813A100348678 /* CHBaseViewController.m */ = {isa = PBXFileReference; lastKnownFileType = sourcecode.c.objc; path = CHBaseViewController.m; sourceTree = "<group>"; };
		95219BEA228813B400348678 /* CHLoginViewController.h */ = {isa = PBXFileReference; lastKnownFileType = sourcecode.c.h; path = CHLoginViewController.h; sourceTree = "<group>"; };
		95219BEB228813B400348678 /* CHLoginViewController.m */ = {isa = PBXFileReference; lastKnownFileType = sourcecode.c.objc; path = CHLoginViewController.m; sourceTree = "<group>"; };
		95349E2E2286774900CD152C /* CHLaunchViewController.h */ = {isa = PBXFileReference; lastKnownFileType = sourcecode.c.h; path = CHLaunchViewController.h; sourceTree = "<group>"; };
		95349E2F2286774900CD152C /* CHLaunchViewController.m */ = {isa = PBXFileReference; lastKnownFileType = sourcecode.c.objc; path = CHLaunchViewController.m; sourceTree = "<group>"; };
		95451883227C8113009BD13C /* launch_gif.gif */ = {isa = PBXFileReference; lastKnownFileType = image.gif; path = launch_gif.gif; sourceTree = "<group>"; };
		95451884227C8113009BD13C /* app_launch_sound.mp3 */ = {isa = PBXFileReference; lastKnownFileType = audio.mp3; path = app_launch_sound.mp3; sourceTree = "<group>"; };
		D53C8A06288742BE3BC1F496 /* libPods-CheLiang.a */ = {isa = PBXFileReference; explicitFileType = archive.ar; includeInIndex = 0; path = "libPods-CheLiang.a"; sourceTree = BUILT_PRODUCTS_DIR; };
		F96D6E63CF21B78E3E0357FC /* Pods-CheLiang.debug.xcconfig */ = {isa = PBXFileReference; includeInIndex = 1; lastKnownFileType = text.xcconfig; name = "Pods-CheLiang.debug.xcconfig"; path = "Pods/Target Support Files/Pods-CheLiang/Pods-CheLiang.debug.xcconfig"; sourceTree = "<group>"; };
/* End PBXFileReference section */

/* Begin PBXFrameworksBuildPhase section */
		950A86D5226A21DE00785130 /* Frameworks */ = {
			isa = PBXFrameworksBuildPhase;
			buildActionMask = 2147483647;
			files = (
				4865C316F230541F1C5F4325 /* libPods-CheLiang.a in Frameworks */,
			);
			runOnlyForDeploymentPostprocessing = 0;
		};
/* End PBXFrameworksBuildPhase section */

/* Begin PBXGroup section */
		0E97936B5918E87BF4F54AB1 /* Frameworks */ = {
			isa = PBXGroup;
			children = (
				D53C8A06288742BE3BC1F496 /* libPods-CheLiang.a */,
			);
			name = Frameworks;
			sourceTree = "<group>";
		};
		950A86CF226A21DE00785130 = {
			isa = PBXGroup;
			children = (
				950A86DA226A21DE00785130 /* CheLiang */,
				950A86D9226A21DE00785130 /* Products */,
				D7CF967D390DE6FF179BDACB /* Pods */,
				0E97936B5918E87BF4F54AB1 /* Frameworks */,
			);
			sourceTree = "<group>";
		};
		950A86D9226A21DE00785130 /* Products */ = {
			isa = PBXGroup;
			children = (
				950A86D8226A21DE00785130 /* CheLiang.app */,
			);
			name = Products;
			sourceTree = "<group>";
		};
		950A86DA226A21DE00785130 /* CheLiang */ = {
			isa = PBXGroup;
			children = (
				95219BE62288138E00348678 /* Basic */,
				950A86F2226B1EDD00785130 /* Home */,
				950A86F1226B1EC400785130 /* AppDelegate */,
			);
			path = CheLiang;
			sourceTree = "<group>";
		};
		950A86F1226B1EC400785130 /* AppDelegate */ = {
			isa = PBXGroup;
			children = (
				95219BDD228811E800348678 /* Login */,
				95451887227C813E009BD13C /* launch */,
				950A86DB226A21DE00785130 /* AppDelegate.h */,
				950A86DC226A21DE00785130 /* AppDelegate.m */,
				950A86DE226A21DE00785130 /* ViewController.h */,
				950A86DF226A21DE00785130 /* ViewController.m */,
				950A86E4226A21DE00785130 /* Assets.xcassets */,
				950A86E6226A21DE00785130 /* LaunchScreen.storyboard */,
				950A86E9226A21DE00785130 /* Info.plist */,
				950A86EA226A21DE00785130 /* main.m */,
			);
			path = AppDelegate;
			sourceTree = "<group>";
		};
		950A86F2226B1EDD00785130 /* Home */ = {
			isa = PBXGroup;
			children = (
			);
			path = Home;
			sourceTree = "<group>";
		};
		952112DB22A2095E00F31FB7 /* Model */ = {
			isa = PBXGroup;
			children = (
				952112DC22A20A9900F31FB7 /* CHUserManager.h */,
				952112DD22A20A9900F31FB7 /* CHUserManager.m */,
			);
			path = Model;
			sourceTree = "<group>";
		};
		95219BDD228811E800348678 /* Login */ = {
			isa = PBXGroup;
			children = (
				952112DB22A2095E00F31FB7 /* Model */,
				95219BE52288135B00348678 /* VC */,
				95219BE42288135000348678 /* Manager */,
				952112D622A179EF00F31FB7 /* Login.xcassets */,
			);
			path = Login;
			sourceTree = "<group>";
		};
		95219BE42288135000348678 /* Manager */ = {
			isa = PBXGroup;
			children = (
				95219BE1228811FC00348678 /* CHLoginManager.h */,
				95219BE0228811FB00348678 /* CHLoginManager.m */,
				95219BDE228811FB00348678 /* CHWeChatManager.h */,
				95219BDF228811FB00348678 /* CHWeChatManager.m */,
			);
			path = Manager;
			sourceTree = "<group>";
		};
		95219BE52288135B00348678 /* VC */ = {
			isa = PBXGroup;
			children = (
				95219BEA228813B400348678 /* CHLoginViewController.h */,
				95219BEB228813B400348678 /* CHLoginViewController.m */,
			);
			path = VC;
			sourceTree = "<group>";
		};
		95219BE62288138E00348678 /* Basic */ = {
			isa = PBXGroup;
			children = (
				95219BE7228813A100348678 /* CHBaseViewController.h */,
				95219BE8228813A100348678 /* CHBaseViewController.m */,
			);
			path = Basic;
			sourceTree = "<group>";
		};
		95451887227C813E009BD13C /* launch */ = {
			isa = PBXGroup;
			children = (
				95451884227C8113009BD13C /* app_launch_sound.mp3 */,
				95451883227C8113009BD13C /* launch_gif.gif */,
				95349E2E2286774900CD152C /* CHLaunchViewController.h */,
				95349E2F2286774900CD152C /* CHLaunchViewController.m */,
			);
			path = launch;
			sourceTree = "<group>";
		};
		D7CF967D390DE6FF179BDACB /* Pods */ = {
			isa = PBXGroup;
			children = (
				F96D6E63CF21B78E3E0357FC /* Pods-CheLiang.debug.xcconfig */,
				6D860946978981E140506071 /* Pods-CheLiang.release.xcconfig */,
			);
			name = Pods;
			sourceTree = "<group>";
		};
/* End PBXGroup section */

/* Begin PBXNativeTarget section */
		950A86D7226A21DE00785130 /* CheLiang */ = {
			isa = PBXNativeTarget;
			buildConfigurationList = 950A86EE226A21DE00785130 /* Build configuration list for PBXNativeTarget "CheLiang" */;
			buildPhases = (
				9E299EA48BDB2F9F6590B1DB /* [CP] Check Pods Manifest.lock */,
				950A86D4226A21DE00785130 /* Sources */,
				950A86D5226A21DE00785130 /* Frameworks */,
				950A86D6226A21DE00785130 /* Resources */,
				BF51F7048222D68DD5621224 /* [CP] Copy Pods Resources */,
			);
			buildRules = (
			);
			dependencies = (
			);
			name = CheLiang;
			productName = CheLiang;
			productReference = 950A86D8226A21DE00785130 /* CheLiang.app */;
			productType = "com.apple.product-type.application";
		};
/* End PBXNativeTarget section */

/* Begin PBXProject section */
		950A86D0226A21DE00785130 /* Project object */ = {
			isa = PBXProject;
			attributes = {
				LastUpgradeCheck = 1020;
				ORGANIZATIONNAME = com.cheliang.app;
				TargetAttributes = {
					950A86D7226A21DE00785130 = {
						CreatedOnToolsVersion = 10.2;
					};
				};
			};
			buildConfigurationList = 950A86D3226A21DE00785130 /* Build configuration list for PBXProject "CheLiang" */;
			compatibilityVersion = "Xcode 9.3";
			developmentRegion = en;
			hasScannedForEncodings = 0;
			knownRegions = (
				en,
				Base,
			);
			mainGroup = 950A86CF226A21DE00785130;
			productRefGroup = 950A86D9226A21DE00785130 /* Products */;
			projectDirPath = "";
			projectRoot = "";
			targets = (
				950A86D7226A21DE00785130 /* CheLiang */,
			);
		};
/* End PBXProject section */

/* Begin PBXResourcesBuildPhase section */
		950A86D6226A21DE00785130 /* Resources */ = {
			isa = PBXResourcesBuildPhase;
			buildActionMask = 2147483647;
			files = (
				95451885227C8113009BD13C /* launch_gif.gif in Resources */,
				952112D722A179EF00F31FB7 /* Login.xcassets in Resources */,
				95451886227C8113009BD13C /* app_launch_sound.mp3 in Resources */,
				950A86E8226A21DE00785130 /* LaunchScreen.storyboard in Resources */,
				950A86E5226A21DE00785130 /* Assets.xcassets in Resources */,
			);
			runOnlyForDeploymentPostprocessing = 0;
		};
/* End PBXResourcesBuildPhase section */

/* Begin PBXShellScriptBuildPhase section */
		9E299EA48BDB2F9F6590B1DB /* [CP] Check Pods Manifest.lock */ = {
			isa = PBXShellScriptBuildPhase;
			buildActionMask = 2147483647;
			files = (
			);
			inputFileListPaths = (
			);
			inputPaths = (
				"${PODS_PODFILE_DIR_PATH}/Podfile.lock",
				"${PODS_ROOT}/Manifest.lock",
			);
			name = "[CP] Check Pods Manifest.lock";
			outputFileListPaths = (
			);
			outputPaths = (
				"$(DERIVED_FILE_DIR)/Pods-CheLiang-checkManifestLockResult.txt",
			);
			runOnlyForDeploymentPostprocessing = 0;
			shellPath = /bin/sh;
			shellScript = "diff \"${PODS_PODFILE_DIR_PATH}/Podfile.lock\" \"${PODS_ROOT}/Manifest.lock\" > /dev/null\nif [ $? != 0 ] ; then\n    # print error to STDERR\n    echo \"error: The sandbox is not in sync with the Podfile.lock. Run 'pod install' or update your CocoaPods installation.\" >&2\n    exit 1\nfi\n# This output is used by Xcode 'outputs' to avoid re-running this script phase.\necho \"SUCCESS\" > \"${SCRIPT_OUTPUT_FILE_0}\"\n";
			showEnvVarsInLog = 0;
		};
		BF51F7048222D68DD5621224 /* [CP] Copy Pods Resources */ = {
			isa = PBXShellScriptBuildPhase;
			buildActionMask = 2147483647;
			files = (
			);
			inputFileListPaths = (
			);
			inputPaths = (
				"${PODS_ROOT}/Target Support Files/Pods-CheLiang/Pods-CheLiang-resources.sh",
				"${PODS_CONFIGURATION_BUILD_DIR}/CHTabBarController/CHTabBarController.bundle",
				"${PODS_CONFIGURATION_BUILD_DIR}/LaunchGif/LaunchGif.bundle",
			);
			name = "[CP] Copy Pods Resources";
			outputFileListPaths = (
			);
			outputPaths = (
				"${TARGET_BUILD_DIR}/${UNLOCALIZED_RESOURCES_FOLDER_PATH}/CHTabBarController.bundle",
				"${TARGET_BUILD_DIR}/${UNLOCALIZED_RESOURCES_FOLDER_PATH}/LaunchGif.bundle",
			);
			runOnlyForDeploymentPostprocessing = 0;
			shellPath = /bin/sh;
			shellScript = "\"${PODS_ROOT}/Target Support Files/Pods-CheLiang/Pods-CheLiang-resources.sh\"\n";
			showEnvVarsInLog = 0;
		};
/* End PBXShellScriptBuildPhase section */

/* Begin PBXSourcesBuildPhase section */
		950A86D4226A21DE00785130 /* Sources */ = {
			isa = PBXSourcesBuildPhase;
			buildActionMask = 2147483647;
			files = (
				95219BE3228811FC00348678 /* CHLoginManager.m in Sources */,
				950A86E0226A21DE00785130 /* ViewController.m in Sources */,
				95219BE9228813A100348678 /* CHBaseViewController.m in Sources */,
				95219BE2228811FC00348678 /* CHWeChatManager.m in Sources */,
				952112DE22A20A9900F31FB7 /* CHUserManager.m in Sources */,
				950A86EB226A21DE00785130 /* main.m in Sources */,
				95219BEC228813B400348678 /* CHLoginViewController.m in Sources */,
				95349E302286774900CD152C /* CHLaunchViewController.m in Sources */,
				950A86DD226A21DE00785130 /* AppDelegate.m in Sources */,
			);
			runOnlyForDeploymentPostprocessing = 0;
		};
/* End PBXSourcesBuildPhase section */

/* Begin PBXVariantGroup section */
		950A86E6226A21DE00785130 /* LaunchScreen.storyboard */ = {
			isa = PBXVariantGroup;
			children = (
				950A86E7226A21DE00785130 /* Base */,
			);
			name = LaunchScreen.storyboard;
			sourceTree = "<group>";
		};
/* End PBXVariantGroup section */

/* Begin XCBuildConfiguration section */
		950A86EC226A21DE00785130 /* Debug */ = {
			isa = XCBuildConfiguration;
			buildSettings = {
				ALWAYS_SEARCH_USER_PATHS = NO;
				CLANG_ANALYZER_NONNULL = YES;
				CLANG_ANALYZER_NUMBER_OBJECT_CONVERSION = YES_AGGRESSIVE;
				CLANG_CXX_LANGUAGE_STANDARD = "gnu++14";
				CLANG_CXX_LIBRARY = "libc++";
				CLANG_ENABLE_MODULES = YES;
				CLANG_ENABLE_OBJC_ARC = YES;
				CLANG_ENABLE_OBJC_WEAK = YES;
				CLANG_WARN_BLOCK_CAPTURE_AUTORELEASING = YES;
				CLANG_WARN_BOOL_CONVERSION = YES;
				CLANG_WARN_COMMA = YES;
				CLANG_WARN_CONSTANT_CONVERSION = YES;
				CLANG_WARN_DEPRECATED_OBJC_IMPLEMENTATIONS = YES;
				CLANG_WARN_DIRECT_OBJC_ISA_USAGE = YES_ERROR;
				CLANG_WARN_DOCUMENTATION_COMMENTS = YES;
				CLANG_WARN_EMPTY_BODY = YES;
				CLANG_WARN_ENUM_CONVERSION = YES;
				CLANG_WARN_INFINITE_RECURSION = YES;
				CLANG_WARN_INT_CONVERSION = YES;
				CLANG_WARN_NON_LITERAL_NULL_CONVERSION = YES;
				CLANG_WARN_OBJC_IMPLICIT_RETAIN_SELF = YES;
				CLANG_WARN_OBJC_LITERAL_CONVERSION = YES;
				CLANG_WARN_OBJC_ROOT_CLASS = YES_ERROR;
				CLANG_WARN_RANGE_LOOP_ANALYSIS = YES;
				CLANG_WARN_STRICT_PROTOTYPES = YES;
				CLANG_WARN_SUSPICIOUS_MOVE = YES;
				CLANG_WARN_UNGUARDED_AVAILABILITY = YES_AGGRESSIVE;
				CLANG_WARN_UNREACHABLE_CODE = YES;
				CLANG_WARN__DUPLICATE_METHOD_MATCH = YES;
				CODE_SIGN_IDENTITY = "iPhone Developer";
				COPY_PHASE_STRIP = NO;
				DEBUG_INFORMATION_FORMAT = dwarf;
				ENABLE_STRICT_OBJC_MSGSEND = YES;
				ENABLE_TESTABILITY = YES;
				GCC_C_LANGUAGE_STANDARD = gnu11;
				GCC_DYNAMIC_NO_PIC = NO;
				GCC_NO_COMMON_BLOCKS = YES;
				GCC_OPTIMIZATION_LEVEL = 0;
				GCC_PREPROCESSOR_DEFINITIONS = (
					"DEBUG=1",
					"$(inherited)",
				);
				GCC_WARN_64_TO_32_BIT_CONVERSION = YES;
				GCC_WARN_ABOUT_RETURN_TYPE = YES_ERROR;
				GCC_WARN_UNDECLARED_SELECTOR = YES;
				GCC_WARN_UNINITIALIZED_AUTOS = YES_AGGRESSIVE;
				GCC_WARN_UNUSED_FUNCTION = YES;
				GCC_WARN_UNUSED_VARIABLE = YES;
				IPHONEOS_DEPLOYMENT_TARGET = 12.2;
				MTL_ENABLE_DEBUG_INFO = INCLUDE_SOURCE;
				MTL_FAST_MATH = YES;
				ONLY_ACTIVE_ARCH = YES;
				SDKROOT = iphoneos;
			};
			name = Debug;
		};
		950A86ED226A21DE00785130 /* Release */ = {
			isa = XCBuildConfiguration;
			buildSettings = {
				ALWAYS_SEARCH_USER_PATHS = NO;
				CLANG_ANALYZER_NONNULL = YES;
				CLANG_ANALYZER_NUMBER_OBJECT_CONVERSION = YES_AGGRESSIVE;
				CLANG_CXX_LANGUAGE_STANDARD = "gnu++14";
				CLANG_CXX_LIBRARY = "libc++";
				CLANG_ENABLE_MODULES = YES;
				CLANG_ENABLE_OBJC_ARC = YES;
				CLANG_ENABLE_OBJC_WEAK = YES;
				CLANG_WARN_BLOCK_CAPTURE_AUTORELEASING = YES;
				CLANG_WARN_BOOL_CONVERSION = YES;
				CLANG_WARN_COMMA = YES;
				CLANG_WARN_CONSTANT_CONVERSION = YES;
				CLANG_WARN_DEPRECATED_OBJC_IMPLEMENTATIONS = YES;
				CLANG_WARN_DIRECT_OBJC_ISA_USAGE = YES_ERROR;
				CLANG_WARN_DOCUMENTATION_COMMENTS = YES;
				CLANG_WARN_EMPTY_BODY = YES;
				CLANG_WARN_ENUM_CONVERSION = YES;
				CLANG_WARN_INFINITE_RECURSION = YES;
				CLANG_WARN_INT_CONVERSION = YES;
				CLANG_WARN_NON_LITERAL_NULL_CONVERSION = YES;
				CLANG_WARN_OBJC_IMPLICIT_RETAIN_SELF = YES;
				CLANG_WARN_OBJC_LITERAL_CONVERSION = YES;
				CLANG_WARN_OBJC_ROOT_CLASS = YES_ERROR;
				CLANG_WARN_RANGE_LOOP_ANALYSIS = YES;
				CLANG_WARN_STRICT_PROTOTYPES = YES;
				CLANG_WARN_SUSPICIOUS_MOVE = YES;
				CLANG_WARN_UNGUARDED_AVAILABILITY = YES_AGGRESSIVE;
				CLANG_WARN_UNREACHABLE_CODE = YES;
				CLANG_WARN__DUPLICATE_METHOD_MATCH = YES;
				CODE_SIGN_IDENTITY = "iPhone Developer";
				COPY_PHASE_STRIP = NO;
				DEBUG_INFORMATION_FORMAT = "dwarf-with-dsym";
				ENABLE_NS_ASSERTIONS = NO;
				ENABLE_STRICT_OBJC_MSGSEND = YES;
				GCC_C_LANGUAGE_STANDARD = gnu11;
				GCC_NO_COMMON_BLOCKS = YES;
				GCC_WARN_64_TO_32_BIT_CONVERSION = YES;
				GCC_WARN_ABOUT_RETURN_TYPE = YES_ERROR;
				GCC_WARN_UNDECLARED_SELECTOR = YES;
				GCC_WARN_UNINITIALIZED_AUTOS = YES_AGGRESSIVE;
				GCC_WARN_UNUSED_FUNCTION = YES;
				GCC_WARN_UNUSED_VARIABLE = YES;
				IPHONEOS_DEPLOYMENT_TARGET = 12.2;
				MTL_ENABLE_DEBUG_INFO = NO;
				MTL_FAST_MATH = YES;
				SDKROOT = iphoneos;
				VALIDATE_PRODUCT = YES;
			};
			name = Release;
		};
		950A86EF226A21DE00785130 /* Debug */ = {
			isa = XCBuildConfiguration;
			baseConfigurationReference = F96D6E63CF21B78E3E0357FC /* Pods-CheLiang.debug.xcconfig */;
			buildSettings = {
				ASSETCATALOG_COMPILER_APPICON_NAME = AppIcon;
				CODE_SIGN_IDENTITY = "iPhone Developer";
				CODE_SIGN_STYLE = Automatic;
				DEVELOPMENT_TEAM = J9GZXLFK2X;
				INFOPLIST_FILE = "$(SRCROOT)/CheLiang/AppDelegate/Info.plist";
				IPHONEOS_DEPLOYMENT_TARGET = 8.4;
				LD_RUNPATH_SEARCH_PATHS = (
					"$(inherited)",
					"@executable_path/Frameworks",
				);
				PRODUCT_BUNDLE_IDENTIFIER = com.lichanghong;
				PRODUCT_NAME = "$(TARGET_NAME)";
				PROVISIONING_PROFILE_SPECIFIER = "";
				TARGETED_DEVICE_FAMILY = "1,2";
			};
			name = Debug;
		};
		950A86F0226A21DE00785130 /* Release */ = {
			isa = XCBuildConfiguration;
			baseConfigurationReference = 6D860946978981E140506071 /* Pods-CheLiang.release.xcconfig */;
			buildSettings = {
				ASSETCATALOG_COMPILER_APPICON_NAME = AppIcon;
				CODE_SIGN_IDENTITY = "iPhone Developer";
				CODE_SIGN_STYLE = Automatic;
				DEVELOPMENT_TEAM = J9GZXLFK2X;
				INFOPLIST_FILE = "$(SRCROOT)/CheLiang/AppDelegate/Info.plist";
				IPHONEOS_DEPLOYMENT_TARGET = 8.4;
				LD_RUNPATH_SEARCH_PATHS = (
					"$(inherited)",
					"@executable_path/Frameworks",
				);
				PRODUCT_BUNDLE_IDENTIFIER = com.lichanghong;
				PRODUCT_NAME = "$(TARGET_NAME)";
				PROVISIONING_PROFILE_SPECIFIER = "";
				TARGETED_DEVICE_FAMILY = "1,2";
			};
			name = Release;
		};
/* End XCBuildConfiguration section */

/* Begin XCConfigurationList section */
		950A86D3226A21DE00785130 /* Build configuration list for PBXProject "CheLiang" */ = {
			isa = XCConfigurationList;
			buildConfigurations = (
				950A86EC226A21DE00785130 /* Debug */,
				950A86ED226A21DE00785130 /* Release */,
			);
			defaultConfigurationIsVisible = 0;
			defaultConfigurationName = Release;
		};
		950A86EE226A21DE00785130 /* Build configuration list for PBXNativeTarget "CheLiang" */ = {
			isa = XCConfigurationList;
			buildConfigurations = (
				950A86EF226A21DE00785130 /* Debug */,
				950A86F0226A21DE00785130 /* Release */,
			);
			defaultConfigurationIsVisible = 0;
			defaultConfigurationName = Release;
		};
/* End XCConfigurationList section */
	};
	rootObject = 950A86D0226A21DE00785130 /* Project object */;
}
